github.com/watergist/file-engine v1.3.2 h1:jdBKEdmu3gItkpgHX7Ot7/TG8JtK96kp3GhjftpfzGM=
github.com/watergist/file-engine v1.3.2/go.mod h1:A4GJ+wvPMhFAOGYDz4WxMRlQW42n+tXQJi0bD6l0Ee0=
gopkg.in/check.v1 v0.0.0-20161208181325-20d25e280405 h1:yhCVgyC4o1eVCa2tZl7eS0r+SDo693bJlVdllGtEeKM=
gopkg.in/check.v1 v0.0.0-20161208181325-20d25e280405/go.mod h1:Co6ibVJAznAaIkqp8huTwlJQCZ016jof/cbN4VW5Yz0=
gopkg.in/yaml.v2 v2.4.0 h1:D8xgwECY7CYvx+Y2n4sBz93Jn9JRvxdiyyo8CTfuKaY=
gopkg.in/yaml.v2 v2.4.0/go.mod h1:RDklbk79AGWmwhnvt/jBztapEOGDOx6ZbXqjP6csGnQ=
